
Microsoft Visual Studio Solution File, Format Version 12.00
# Visual Studio Version 16
VisualStudioVersion = 16.0.31410.357
MinimumVisualStudioVersion = 10.0.40219.1
Project("{FAE04EC0-301F-11D3-BF4B-00C04F79EFBC}") = "proje", "proje\proje.csproj", "{46773E10-F9DD-4EDD-B01A-8FB87E1C73F1}"
EndProject
Global
	GlobalSection(SolutionConfigurationPlatforms) = preSolution
		Debug|Any CPU = Debug|Any CPU
		Release|Any CPU = Release|Any CPU
	EndGlobalSection
	GlobalSection(ProjectConfigurationPlatforms) = postSolution
		{46773E10-F9DD-4EDD-B01A-8FB87E1C73F1}.Debug|Any CPU.ActiveCfg = Debug|Any CPU
		{46773E10-F9DD-4EDD-B01A-8FB87E1C73F1}.Debug|Any CPU.Build.0 = Debug|Any CPU
		{46773E10-F9DD-4EDD-B01A-8FB87E1C73F1}.Release|Any CPU.ActiveCfg = Release|Any CPU
		{46773E10-F9DD-4EDD-B01A-8FB87E1C73F1}.Release|Any CPU.Build.0 = Release|Any CPU
	EndGlobalSection
	GlobalSection(SolutionProperties) = preSolution
		HideSolutionNode = FALSE
	EndGlobalSection
	GlobalSection(ExtensibilityGlobals) = postSolution
		SolutionGuid = {A5F6EFFA-40DE-4FF4-8797-3536984B0025}
	EndGlobalSection
EndGlobal
